
Microsoft Visual Studio Solution File, Format Version 12.00
# Visual Studio Version 17
VisualStudioVersion = 17.7.34003.232
MinimumVisualStudioVersion = 10.0.40219.1
Project("{9A19103F-16F7-4668-BE54-9A1E7A4F7556}") = "ElgrosWeb.Server", "Server\ElgrosWeb.Server.csproj", "{C3BC5FBE-16F4-427B-B6A6-692C0D6DEBCE}"
EndProject
Project("{9A19103F-16F7-4668-BE54-9A1E7A4F7556}") = "ElgrosWeb.Client", "Client\ElgrosWeb.Client.csproj", "{83AEA6C8-E3D5-4939-A84E-47D0D33CC0F0}"
EndProject
Project("{9A19103F-16F7-4668-BE54-9A1E7A4F7556}") = "ElgrosWeb.Shared", "Shared\ElgrosWeb.Shared.csproj", "{C092558E-B052-4A17-A100-4B6DAB077F5D}"
EndProject
Global
	GlobalSection(SolutionConfigurationPlatforms) = preSolution
		Debug|Any CPU = Debug|Any CPU
		Release|Any CPU = Release|Any CPU
	EndGlobalSection
	GlobalSection(ProjectConfigurationPlatforms) = postSolution
		{C3BC5FBE-16F4-427B-B6A6-692C0D6DEBCE}.Debug|Any CPU.ActiveCfg = Debug|Any CPU
		{C3BC5FBE-16F4-427B-B6A6-692C0D6DEBCE}.Debug|Any CPU.Build.0 = Debug|Any CPU
		{C3BC5FBE-16F4-427B-B6A6-692C0D6DEBCE}.Release|Any CPU.ActiveCfg = Release|Any CPU
		{C3BC5FBE-16F4-427B-B6A6-692C0D6DEBCE}.Release|Any CPU.Build.0 = Release|Any CPU
		{83AEA6C8-E3D5-4939-A84E-47D0D33CC0F0}.Debug|Any CPU.ActiveCfg = Debug|Any CPU
		{83AEA6C8-E3D5-4939-A84E-47D0D33CC0F0}.Debug|Any CPU.Build.0 = Debug|Any CPU
		{83AEA6C8-E3D5-4939-A84E-47D0D33CC0F0}.Release|Any CPU.ActiveCfg = Release|Any CPU
		{83AEA6C8-E3D5-4939-A84E-47D0D33CC0F0}.Release|Any CPU.Build.0 = Release|Any CPU
		{C092558E-B052-4A17-A100-4B6DAB077F5D}.Debug|Any CPU.ActiveCfg = Debug|Any CPU
		{C092558E-B052-4A17-A100-4B6DAB077F5D}.Debug|Any CPU.Build.0 = Debug|Any CPU
		{C092558E-B052-4A17-A100-4B6DAB077F5D}.Release|Any CPU.ActiveCfg = Release|Any CPU
		{C092558E-B052-4A17-A100-4B6DAB077F5D}.Release|Any CPU.Build.0 = Release|Any CPU
	EndGlobalSection
	GlobalSection(SolutionProperties) = preSolution
		HideSolutionNode = FALSE
	EndGlobalSection
	GlobalSection(ExtensibilityGlobals) = postSolution
		SolutionGuid = {FD39D47E-BA96-473C-BC27-1C02F794BA72}
	EndGlobalSection
EndGlobal
